{
  "name": "rollup-plugin-tsc",
  "version": "1.0.5",
  "lockfileVersion": 1,
  "requires": true,
  "dependencies": {
    "rollup": {
      "version": "0.49.2",
      "resolved": "https://registry.npmjs.org/rollup/-/rollup-0.49.2.tgz",
      "integrity": "sha512-9mySqItSwq5/dXYQyFGrrzqV282EZfz4kSCU2m4e6OjgqLmIsp9zK6qNQ6wbBWR4EhASEqQMBQ/IF45jaNPAtw==",
      "dev": true
    },
    "tslib": {
      "version": "1.7.1",
      "resolved": "https://registry.npmjs.org/tslib/-/tslib-1.7.1.tgz",
      "integrity": "sha1-vIAEFkaRkjp5/oN4u+s9ogF1OOw="
    },
    "typescript": {
      "version": "2.5.2",
      "resolved": "https://registry.npmjs.org/typescript/-/typescript-2.5.2.tgz",
      "integrity": "sha1-A4qV99m7tCCxvzW6MdTFwd0//jQ="
    }
  }
}
